
Microsoft Visual Studio Solution File, Format Version 12.00
# Visual Studio Version 17
VisualStudioVersion = 17.7.34031.279
MinimumVisualStudioVersion = 10.0.40219.1
Project("{9A19103F-16F7-4668-BE54-9A1E7A4F7556}") = "bpd-payment-lambda", "bpd-payment-lambda\bpd-payment-lambda.csproj", "{073848D5-5F05-4690-A1F4-EA149D45B3F5}"
EndProject
Project("{9A19103F-16F7-4668-BE54-9A1E7A4F7556}") = "Bpd.Order.Processing.Lambda", "Bpd.Order.Processing.Lambda\Bpd.Order.Processing.Lambda.csproj", "{8F15CBC8-AE69-48DE-A141-DFFA9CED37CA}"
EndProject
Global
	GlobalSection(SolutionConfigurationPlatforms) = preSolution
		Debug|Any CPU = Debug|Any CPU
		Release|Any CPU = Release|Any CPU
	EndGlobalSection
	GlobalSection(ProjectConfigurationPlatforms) = postSolution
		{073848D5-5F05-4690-A1F4-EA149D45B3F5}.Debug|Any CPU.ActiveCfg = Debug|Any CPU
		{073848D5-5F05-4690-A1F4-EA149D45B3F5}.Debug|Any CPU.Build.0 = Debug|Any CPU
		{073848D5-5F05-4690-A1F4-EA149D45B3F5}.Release|Any CPU.ActiveCfg = Release|Any CPU
		{073848D5-5F05-4690-A1F4-EA149D45B3F5}.Release|Any CPU.Build.0 = Release|Any CPU
		{8F15CBC8-AE69-48DE-A141-DFFA9CED37CA}.Debug|Any CPU.ActiveCfg = Debug|Any CPU
		{8F15CBC8-AE69-48DE-A141-DFFA9CED37CA}.Debug|Any CPU.Build.0 = Debug|Any CPU
		{8F15CBC8-AE69-48DE-A141-DFFA9CED37CA}.Release|Any CPU.ActiveCfg = Release|Any CPU
		{8F15CBC8-AE69-48DE-A141-DFFA9CED37CA}.Release|Any CPU.Build.0 = Release|Any CPU
	EndGlobalSection
	GlobalSection(SolutionProperties) = preSolution
		HideSolutionNode = FALSE
	EndGlobalSection
	GlobalSection(ExtensibilityGlobals) = postSolution
		SolutionGuid = {CB1FB61B-D3BA-42E2-8CFB-4BB720F493C6}
	EndGlobalSection
EndGlobal
